
Microsoft Visual Studio Solution File, Format Version 12.00
# Visual Studio Version 17
VisualStudioVersion = 17.0.31903.59
MinimumVisualStudioVersion = 10.0.40219.1
Project("{9A19103F-16F7-4668-BE54-9A1E7A4F7556}") = "SquilParser.Simple", "SquilParser.Simple\SquilParser.Simple.csproj", "{A69C9FAC-5AB2-4CA2-84DC-21B7B17D47BD}"
EndProject
Project("{9A19103F-16F7-4668-BE54-9A1E7A4F7556}") = "SquilParser.SourceGenerator", "SquilParser.SourceGenerator\SquilParser.SourceGenerator.csproj", "{EAE151D5-A9CB-4FC6-85CA-E9EBCC82118F}"
EndProject
Project("{9A19103F-16F7-4668-BE54-9A1E7A4F7556}") = "SquilParser.Tests", "SquilParser.Tests\SquilParser.Tests.csproj", "{E54C3B73-34EB-47A2-B8C4-530328662506}"
EndProject
Project("{2150E333-8FDC-42A3-9474-1A3956D46DE8}") = "Solution", "Solution", "{4AF42CE6-375B-45B3-9E89-CE3316914989}"
	ProjectSection(SolutionItems) = preProject
		.dockerignore = .dockerignore
		.gitattributes = .gitattributes
		.gitignore = .gitignore
		LICENSE.txt = LICENSE.txt
		README.md = README.md
	EndProjectSection
EndProject
Project("{2150E333-8FDC-42A3-9474-1A3956D46DE8}") = "workflows", "workflows", "{E3434B13-9FAE-4A4F-84D9-D11E98F37D34}"
	ProjectSection(SolutionItems) = preProject
		.github\workflows\build.yml = .github\workflows\build.yml
		.github\workflows\publish.yml = .github\workflows\publish.yml
	EndProjectSection
EndProject
Global
	GlobalSection(SolutionConfigurationPlatforms) = preSolution
		Debug|Any CPU = Debug|Any CPU
		Release|Any CPU = Release|Any CPU
	EndGlobalSection
	GlobalSection(ProjectConfigurationPlatforms) = postSolution
		{A69C9FAC-5AB2-4CA2-84DC-21B7B17D47BD}.Debug|Any CPU.ActiveCfg = Debug|Any CPU
		{A69C9FAC-5AB2-4CA2-84DC-21B7B17D47BD}.Debug|Any CPU.Build.0 = Debug|Any CPU
		{A69C9FAC-5AB2-4CA2-84DC-21B7B17D47BD}.Release|Any CPU.ActiveCfg = Release|Any CPU
		{A69C9FAC-5AB2-4CA2-84DC-21B7B17D47BD}.Release|Any CPU.Build.0 = Release|Any CPU
		{EAE151D5-A9CB-4FC6-85CA-E9EBCC82118F}.Debug|Any CPU.ActiveCfg = Debug|Any CPU
		{EAE151D5-A9CB-4FC6-85CA-E9EBCC82118F}.Debug|Any CPU.Build.0 = Debug|Any CPU
		{EAE151D5-A9CB-4FC6-85CA-E9EBCC82118F}.Release|Any CPU.ActiveCfg = Release|Any CPU
		{EAE151D5-A9CB-4FC6-85CA-E9EBCC82118F}.Release|Any CPU.Build.0 = Release|Any CPU
		{E54C3B73-34EB-47A2-B8C4-530328662506}.Debug|Any CPU.ActiveCfg = Debug|Any CPU
		{E54C3B73-34EB-47A2-B8C4-530328662506}.Debug|Any CPU.Build.0 = Debug|Any CPU
		{E54C3B73-34EB-47A2-B8C4-530328662506}.Release|Any CPU.ActiveCfg = Release|Any CPU
		{E54C3B73-34EB-47A2-B8C4-530328662506}.Release|Any CPU.Build.0 = Release|Any CPU
	EndGlobalSection
	GlobalSection(SolutionProperties) = preSolution
		HideSolutionNode = FALSE
	EndGlobalSection
	GlobalSection(NestedProjects) = preSolution
		{E3434B13-9FAE-4A4F-84D9-D11E98F37D34} = {4AF42CE6-375B-45B3-9E89-CE3316914989}
	EndGlobalSection
	GlobalSection(ExtensibilityGlobals) = postSolution
		SolutionGuid = {E197D908-081D-47E1-A828-0A3163DD4CF2}
	EndGlobalSection
EndGlobal
